
Microsoft Visual Studio Solution File, Format Version 11.00
# Visual Studio 2010
Project("{FAE04EC0-301F-11D3-BF4B-00C04F79EFBC}") = "Snake", "Snake\Snake.csproj", "{B40B9DA7-2B1D-49BD-B7E7-4984B4676B8D}"
EndProject
Global
	GlobalSection(SolutionConfigurationPlatforms) = preSolution
		Debug|Any CPU = Debug|Any CPU
		Release|Any CPU = Release|Any CPU
	EndGlobalSection
	GlobalSection(ProjectConfigurationPlatforms) = postSolution
		{B40B9DA7-2B1D-49BD-B7E7-4984B4676B8D}.Debug|Any CPU.ActiveCfg = Debug|Any CPU
		{B40B9DA7-2B1D-49BD-B7E7-4984B4676B8D}.Debug|Any CPU.Build.0 = Debug|Any CPU
		{B40B9DA7-2B1D-49BD-B7E7-4984B4676B8D}.Release|Any CPU.ActiveCfg = Release|Any CPU
		{B40B9DA7-2B1D-49BD-B7E7-4984B4676B8D}.Release|Any CPU.Build.0 = Release|Any CPU
	EndGlobalSection
	GlobalSection(SolutionProperties) = preSolution
		HideSolutionNode = FALSE
	EndGlobalSection
EndGlobal
